
Microsoft Visual Studio Solution File, Format Version 12.00
# Visual Studio Version 17
VisualStudioVersion = 17.1.32228.430
MinimumVisualStudioVersion = 10.0.40219.1
Project("{FAE04EC0-301F-11D3-BF4B-00C04F79EFBC}") = "Roshambo_10.9", "Roshambo_10.9.csproj", "{AC4224EB-ECA6-4359-AA64-AF34098D5543}"
EndProject
Global
	GlobalSection(SolutionConfigurationPlatforms) = preSolution
		Debug|Any CPU = Debug|Any CPU
		Release|Any CPU = Release|Any CPU
	EndGlobalSection
	GlobalSection(ProjectConfigurationPlatforms) = postSolution
		{AC4224EB-ECA6-4359-AA64-AF34098D5543}.Debug|Any CPU.ActiveCfg = Debug|Any CPU
		{AC4224EB-ECA6-4359-AA64-AF34098D5543}.Debug|Any CPU.Build.0 = Debug|Any CPU
		{AC4224EB-ECA6-4359-AA64-AF34098D5543}.Release|Any CPU.ActiveCfg = Release|Any CPU
		{AC4224EB-ECA6-4359-AA64-AF34098D5543}.Release|Any CPU.Build.0 = Release|Any CPU
	EndGlobalSection
	GlobalSection(SolutionProperties) = preSolution
		HideSolutionNode = FALSE
	EndGlobalSection
	GlobalSection(ExtensibilityGlobals) = postSolution
		SolutionGuid = {9D1B12B2-A636-495C-AF1E-146B730D4A76}
	EndGlobalSection
EndGlobal
